
Microsoft Visual Studio Solution File, Format Version 12.00
# Visual Studio Version 17
VisualStudioVersion = 17.8.34330.188
MinimumVisualStudioVersion = 10.0.40219.1
Project("{9A19103F-16F7-4668-BE54-9A1E7A4F7556}") = "KlioBlazor", "KlioBlazor\KlioBlazor.csproj", "{4515E530-CE29-4E98-8436-EB10F8325A9A}"
EndProject
Project("{9A19103F-16F7-4668-BE54-9A1E7A4F7556}") = "KlioBlazor.Shared", "KlioBlazor.Shared\KlioBlazor.Shared.csproj", "{1F727FBC-D2A9-405A-B51C-C3B2EFBEE816}"
EndProject
Global
	GlobalSection(SolutionConfigurationPlatforms) = preSolution
		Debug|Any CPU = Debug|Any CPU
		Release|Any CPU = Release|Any CPU
	EndGlobalSection
	GlobalSection(ProjectConfigurationPlatforms) = postSolution
		{4515E530-CE29-4E98-8436-EB10F8325A9A}.Debug|Any CPU.ActiveCfg = Debug|Any CPU
		{4515E530-CE29-4E98-8436-EB10F8325A9A}.Debug|Any CPU.Build.0 = Debug|Any CPU
		{4515E530-CE29-4E98-8436-EB10F8325A9A}.Release|Any CPU.ActiveCfg = Release|Any CPU
		{4515E530-CE29-4E98-8436-EB10F8325A9A}.Release|Any CPU.Build.0 = Release|Any CPU
		{1F727FBC-D2A9-405A-B51C-C3B2EFBEE816}.Debug|Any CPU.ActiveCfg = Debug|Any CPU
		{1F727FBC-D2A9-405A-B51C-C3B2EFBEE816}.Debug|Any CPU.Build.0 = Debug|Any CPU
		{1F727FBC-D2A9-405A-B51C-C3B2EFBEE816}.Release|Any CPU.ActiveCfg = Release|Any CPU
		{1F727FBC-D2A9-405A-B51C-C3B2EFBEE816}.Release|Any CPU.Build.0 = Release|Any CPU
	EndGlobalSection
	GlobalSection(SolutionProperties) = preSolution
		HideSolutionNode = FALSE
	EndGlobalSection
	GlobalSection(ExtensibilityGlobals) = postSolution
		SolutionGuid = {EBD35F02-7685-4195-8CA6-2431C3B00083}
	EndGlobalSection
EndGlobal
